
Microsoft Visual Studio Solution File, Format Version 12.00
# Visual Studio Version 17
VisualStudioVersion = 17.13.35931.197
MinimumVisualStudioVersion = 10.0.40219.1
Project("{2150E333-8FDC-42A3-9474-1A3956D46DE8}") = "src", "src", "{02EA681E-C7D8-13C7-8484-4AC65E1B71E8}"
EndProject
Project("{2150E333-8FDC-42A3-9474-1A3956D46DE8}") = "tests", "tests", "{BA39CB85-B7B1-4ACF-86EA-B04EA7092D0E}"
EndProject
Project("{FAE04EC0-301F-11D3-BF4B-00C04F79EFBC}") = "X3UR.Domain", "src\X3UR.Domain\X3UR.Domain.csproj", "{03CC5C3F-61AC-4A69-97EA-BF71C408FFBA}"
EndProject
Project("{FAE04EC0-301F-11D3-BF4B-00C04F79EFBC}") = "X3UR.Infrastructure", "src\X3UR.Infrastructure\X3UR.Infrastructure.csproj", "{A6012D46-F3B9-40C6-9BAF-E86E4CC03CC5}"
EndProject
Project("{FAE04EC0-301F-11D3-BF4B-00C04F79EFBC}") = "X3UR.Application.Tests", "tests\X3UR.Application.Tests\X3UR.Application.Tests.csproj", "{F4B828C7-257C-422D-837F-6788FE33ACBA}"
EndProject
Project("{FAE04EC0-301F-11D3-BF4B-00C04F79EFBC}") = "X3UR.Infrastructure.Tests", "tests\X3UR.Infrastructure.Tests\X3UR.Infrastructure.Tests.csproj", "{03208EF6-DFA8-413E-AE1B-1AD723A72049}"
EndProject
Project("{FAE04EC0-301F-11D3-BF4B-00C04F79EFBC}") = "X3UR.Domain.Tests", "tests\X3UR.Domain.Tests\X3UR.Domain.Tests.csproj", "{754B96BE-BB05-4B12-9B93-7808EC598D31}"
EndProject
Project("{FAE04EC0-301F-11D3-BF4B-00C04F79EFBC}") = "X3UR.UI.FlaUI.Tests", "tests\X3UR.UI.FlaUI.Tests\X3UR.UI.FlaUI.Tests.csproj", "{ABB4CAAD-8CA2-4357-B1B2-A4A1CA40FE64}"
EndProject
Project("{FAE04EC0-301F-11D3-BF4B-00C04F79EFBC}") = "X3UR.UI", "src\X3UR.UI\X3UR.UI.csproj", "{C8DF1745-1CB3-43D0-837F-F903D41D7971}"
EndProject
Project("{FAE04EC0-301F-11D3-BF4B-00C04F79EFBC}") = "X3UR.Application", "src\X3UR.Application\X3UR.Application.csproj", "{7DF80709-558B-6390-E6DA-26D6697EBDA9}"
EndProject
Global
	GlobalSection(SolutionConfigurationPlatforms) = preSolution
		Debug|Any CPU = Debug|Any CPU
		Release|Any CPU = Release|Any CPU
	EndGlobalSection
	GlobalSection(ProjectConfigurationPlatforms) = postSolution
		{03CC5C3F-61AC-4A69-97EA-BF71C408FFBA}.Debug|Any CPU.ActiveCfg = Debug|Any CPU
		{03CC5C3F-61AC-4A69-97EA-BF71C408FFBA}.Debug|Any CPU.Build.0 = Debug|Any CPU
		{03CC5C3F-61AC-4A69-97EA-BF71C408FFBA}.Release|Any CPU.ActiveCfg = Release|Any CPU
		{03CC5C3F-61AC-4A69-97EA-BF71C408FFBA}.Release|Any CPU.Build.0 = Release|Any CPU
		{A6012D46-F3B9-40C6-9BAF-E86E4CC03CC5}.Debug|Any CPU.ActiveCfg = Debug|Any CPU
		{A6012D46-F3B9-40C6-9BAF-E86E4CC03CC5}.Debug|Any CPU.Build.0 = Debug|Any CPU
		{A6012D46-F3B9-40C6-9BAF-E86E4CC03CC5}.Release|Any CPU.ActiveCfg = Release|Any CPU
		{A6012D46-F3B9-40C6-9BAF-E86E4CC03CC5}.Release|Any CPU.Build.0 = Release|Any CPU
		{F4B828C7-257C-422D-837F-6788FE33ACBA}.Debug|Any CPU.ActiveCfg = Debug|Any CPU
		{F4B828C7-257C-422D-837F-6788FE33ACBA}.Debug|Any CPU.Build.0 = Debug|Any CPU
		{F4B828C7-257C-422D-837F-6788FE33ACBA}.Release|Any CPU.ActiveCfg = Release|Any CPU
		{F4B828C7-257C-422D-837F-6788FE33ACBA}.Release|Any CPU.Build.0 = Release|Any CPU
		{03208EF6-DFA8-413E-AE1B-1AD723A72049}.Debug|Any CPU.ActiveCfg = Debug|Any CPU
		{03208EF6-DFA8-413E-AE1B-1AD723A72049}.Debug|Any CPU.Build.0 = Debug|Any CPU
		{03208EF6-DFA8-413E-AE1B-1AD723A72049}.Release|Any CPU.ActiveCfg = Release|Any CPU
		{03208EF6-DFA8-413E-AE1B-1AD723A72049}.Release|Any CPU.Build.0 = Release|Any CPU
		{754B96BE-BB05-4B12-9B93-7808EC598D31}.Debug|Any CPU.ActiveCfg = Debug|Any CPU
		{754B96BE-BB05-4B12-9B93-7808EC598D31}.Debug|Any CPU.Build.0 = Debug|Any CPU
		{754B96BE-BB05-4B12-9B93-7808EC598D31}.Release|Any CPU.ActiveCfg = Release|Any CPU
		{754B96BE-BB05-4B12-9B93-7808EC598D31}.Release|Any CPU.Build.0 = Release|Any CPU
		{ABB4CAAD-8CA2-4357-B1B2-A4A1CA40FE64}.Debug|Any CPU.ActiveCfg = Debug|Any CPU
		{ABB4CAAD-8CA2-4357-B1B2-A4A1CA40FE64}.Debug|Any CPU.Build.0 = Debug|Any CPU
		{ABB4CAAD-8CA2-4357-B1B2-A4A1CA40FE64}.Release|Any CPU.ActiveCfg = Release|Any CPU
		{ABB4CAAD-8CA2-4357-B1B2-A4A1CA40FE64}.Release|Any CPU.Build.0 = Release|Any CPU
		{C8DF1745-1CB3-43D0-837F-F903D41D7971}.Debug|Any CPU.ActiveCfg = Debug|Any CPU
		{C8DF1745-1CB3-43D0-837F-F903D41D7971}.Debug|Any CPU.Build.0 = Debug|Any CPU
		{C8DF1745-1CB3-43D0-837F-F903D41D7971}.Release|Any CPU.ActiveCfg = Release|Any CPU
		{C8DF1745-1CB3-43D0-837F-F903D41D7971}.Release|Any CPU.Build.0 = Release|Any CPU
		{7DF80709-558B-6390-E6DA-26D6697EBDA9}.Debug|Any CPU.ActiveCfg = Debug|Any CPU
		{7DF80709-558B-6390-E6DA-26D6697EBDA9}.Debug|Any CPU.Build.0 = Debug|Any CPU
		{7DF80709-558B-6390-E6DA-26D6697EBDA9}.Release|Any CPU.ActiveCfg = Release|Any CPU
		{7DF80709-558B-6390-E6DA-26D6697EBDA9}.Release|Any CPU.Build.0 = Release|Any CPU
	EndGlobalSection
	GlobalSection(SolutionProperties) = preSolution
		HideSolutionNode = FALSE
	EndGlobalSection
	GlobalSection(NestedProjects) = preSolution
		{03CC5C3F-61AC-4A69-97EA-BF71C408FFBA} = {02EA681E-C7D8-13C7-8484-4AC65E1B71E8}
		{A6012D46-F3B9-40C6-9BAF-E86E4CC03CC5} = {02EA681E-C7D8-13C7-8484-4AC65E1B71E8}
		{F4B828C7-257C-422D-837F-6788FE33ACBA} = {BA39CB85-B7B1-4ACF-86EA-B04EA7092D0E}
		{03208EF6-DFA8-413E-AE1B-1AD723A72049} = {BA39CB85-B7B1-4ACF-86EA-B04EA7092D0E}
		{754B96BE-BB05-4B12-9B93-7808EC598D31} = {BA39CB85-B7B1-4ACF-86EA-B04EA7092D0E}
		{ABB4CAAD-8CA2-4357-B1B2-A4A1CA40FE64} = {BA39CB85-B7B1-4ACF-86EA-B04EA7092D0E}
		{C8DF1745-1CB3-43D0-837F-F903D41D7971} = {02EA681E-C7D8-13C7-8484-4AC65E1B71E8}
		{7DF80709-558B-6390-E6DA-26D6697EBDA9} = {02EA681E-C7D8-13C7-8484-4AC65E1B71E8}
	EndGlobalSection
	GlobalSection(ExtensibilityGlobals) = postSolution
		SolutionGuid = {E752C621-56BF-4EAB-9942-48BE1FFB0BC4}
	EndGlobalSection
EndGlobal
